
Microsoft Visual Studio Solution File, Format Version 12.00
# Visual Studio Version 17
VisualStudioVersion = 17.0.32112.339
MinimumVisualStudioVersion = 10.0.40219.1
Project("{8BC9CEB8-8B4A-11D0-8D11-00A0C91BC942}") = "AudioPlayerTest", "AudioPlayerTest\AudioPlayerTest.vcxproj", "{162AEDF7-F7F4-458A-95D6-77ACF0E84A0E}"
EndProject
Global
	GlobalSection(SolutionConfigurationPlatforms) = preSolution
		Debug|x64 = Debug|x64
		Debug|x86 = Debug|x86
		Release|x64 = Release|x64
		Release|x86 = Release|x86
	EndGlobalSection
	GlobalSection(ProjectConfigurationPlatforms) = postSolution
		{162AEDF7-F7F4-458A-95D6-77ACF0E84A0E}.Debug|x64.ActiveCfg = Debug|x64
		{162AEDF7-F7F4-458A-95D6-77ACF0E84A0E}.Debug|x64.Build.0 = Debug|x64
		{162AEDF7-F7F4-458A-95D6-77ACF0E84A0E}.Debug|x86.ActiveCfg = Debug|Win32
		{162AEDF7-F7F4-458A-95D6-77ACF0E84A0E}.Debug|x86.Build.0 = Debug|Win32
		{162AEDF7-F7F4-458A-95D6-77ACF0E84A0E}.Release|x64.ActiveCfg = Release|x64
		{162AEDF7-F7F4-458A-95D6-77ACF0E84A0E}.Release|x64.Build.0 = Release|x64
		{162AEDF7-F7F4-458A-95D6-77ACF0E84A0E}.Release|x86.ActiveCfg = Release|Win32
		{162AEDF7-F7F4-458A-95D6-77ACF0E84A0E}.Release|x86.Build.0 = Release|Win32
	EndGlobalSection
	GlobalSection(SolutionProperties) = preSolution
		HideSolutionNode = FALSE
	EndGlobalSection
	GlobalSection(ExtensibilityGlobals) = postSolution
		SolutionGuid = {FF50E163-3209-4DD7-B145-647704691BA6}
	EndGlobalSection
EndGlobal
