<?xml version="1.0" encoding="utf-8"?>
<Project ToolsVersion="4.0" xmlns="http://schemas.microsoft.com/developer/msbuild/2003">
  <ItemGroup>
    <Filter Include="Source Files">
      <UniqueIdentifier>{4FC737F1-C7A5-4376-A066-2A32D752A2FF}</UniqueIdentifier>
      <Extensions>cpp;c;cc;cxx;c++;cppm;ixx;def;odl;idl;hpj;bat;asm;asmx</Extensions>
    </Filter>
    <Filter Include="Header Files">
      <UniqueIdentifier>{93995380-89BD-4b04-88EB-625FBE52EBFB}</UniqueIdentifier>
      <Extensions>h;hh;hpp;hxx;h++;hm;inl;inc;ipp;xsd</Extensions>
    </Filter>
    <Filter Include="Resource Files">
      <UniqueIdentifier>{67DA6AB6-F800-4c08-8B7A-83BB121AAD01}</UniqueIdentifier>
      <Extensions>rc;ico;cur;bmp;dlg;rc2;rct;bin;rgs;gif;jpg;jpeg;jpe;resx;tiff;tif;png;wav;mfcribbon-ms</Extensions>
    </Filter>
    <Filter Include="lib">
      <UniqueIdentifier>{a20b2e2f-1c5d-444e-b380-4e490ac1198a}</UniqueIdentifier>
    </Filter>
  </ItemGroup>
  <ItemGroup>
    <ClInclude Include="AudioPlayer.h">
      <Filter>Header Files</Filter>
    </ClInclude>
    <ClInclude Include="..\..\..\memory allocators\MemoryAllocatorTest\MemoryAllocatorTest\ErrorHandler.h">
      <Filter>Header Files</Filter>
    </ClInclude>
    <ClInclude Include="PCMSample.h">
      <Filter>Header Files</Filter>
    </ClInclude>
    <ClInclude Include="GlobalConsts.h">
      <Filter>Header Files</Filter>
    </ClInclude>
    <ClInclude Include="AlignedAllocator.h">
      <Filter>Header Files</Filter>
    </ClInclude>
    <ClInclude Include="SampleQueue.h">
      <Filter>Header Files</Filter>
    </ClInclude>
    <ClInclude Include="WAVParser.h">
      <Filter>Header Files</Filter>
    </ClInclude>
    <ClInclude Include="Conductor.h">
      <Filter>Header Files</Filter>
    </ClInclude>
    <ClInclude Include="InputCommandQueue.h">
      <Filter>Header Files</Filter>
    </ClInclude>
    <ClInclude Include="InputCommand.h">
      <Filter>Header Files</Filter>
    </ClInclude>
    <ClInclude Include="Composer.h">
      <Filter>Header Files</Filter>
    </ClInclude>
    <ClInclude Include="SampleStackAllocator.h">
      <Filter>Header Files</Filter>
    </ClInclude>
  </ItemGroup>
  <ItemGroup>
    <ClCompile Include="AudioPlayer.cpp">
      <Filter>Source Files</Filter>
    </ClCompile>
    <ClCompile Include="main.cpp">
      <Filter>Source Files</Filter>
    </ClCompile>
    <ClCompile Include="..\..\..\memory allocators\MemoryAllocatorTest\MemoryAllocatorTest\ErrorHandler.cpp">
      <Filter>Source Files</Filter>
    </ClCompile>
    <ClCompile Include="PCMSample.cpp">
      <Filter>Source Files</Filter>
    </ClCompile>
    <ClCompile Include="GlobalConsts.cpp">
      <Filter>Source Files</Filter>
    </ClCompile>
    <ClCompile Include="SampleQueue.cpp">
      <Filter>Source Files</Filter>
    </ClCompile>
    <ClCompile Include="WAVParser.cpp">
      <Filter>Source Files</Filter>
    </ClCompile>
    <ClCompile Include="Conductor.cpp">
      <Filter>Source Files</Filter>
    </ClCompile>
    <ClCompile Include="InputCommandQueue.cpp">
      <Filter>Source Files</Filter>
    </ClCompile>
    <ClCompile Include="InputCommand.cpp">
      <Filter>Source Files</Filter>
    </ClCompile>
    <ClCompile Include="Composer.cpp">
      <Filter>Source Files</Filter>
    </ClCompile>
  </ItemGroup>
  <ItemGroup>
    <Library Include="..\..\portaudio\msvc\x64\Debug\portaudio.lib">
      <Filter>lib</Filter>
    </Library>
    <Library Include="..\..\..\..\..\..\..\..\..\..\SDL2\SDL2-2.24.0\lib\x64\SDL2.lib">
      <Filter>lib</Filter>
    </Library>
  </ItemGroup>
</Project>